
Microsoft Visual Studio Solution File, Format Version 12.00
# Visual Studio 15
VisualStudioVersion = 15.0.28307.1738
MinimumVisualStudioVersion = 10.0.40219.1
Project("{CC5FD16D-436D-48AD-A40C-5A424C6E3E79}") = "WCFHealthMonitoring", "WCFHealthMonitoring\WCFHealthMonitoring.ccproj", "{182CC639-4C62-4B1A-AC22-CEF31584F0A8}"
EndProject
Project("{FAE04EC0-301F-11D3-BF4B-00C04F79EFBC}") = "JobWorker", "JobWorker\JobWorker.csproj", "{9D347936-FE4C-4C4F-ABD8-B7F26FD2C541}"
EndProject
Project("{FAE04EC0-301F-11D3-BF4B-00C04F79EFBC}") = "WCFServer", "WCFServer\WCFServer.csproj", "{AE67F5C2-1A8B-474F-9C88-A3674EE84718}"
EndProject
Project("{FAE04EC0-301F-11D3-BF4B-00C04F79EFBC}") = "Contracts", "Contracts\Contracts.csproj", "{186F0C0F-4E6A-41C2-AF86-322EC8A25D9D}"
EndProject
Global
	GlobalSection(SolutionConfigurationPlatforms) = preSolution
		Debug|Any CPU = Debug|Any CPU
		Release|Any CPU = Release|Any CPU
	EndGlobalSection
	GlobalSection(ProjectConfigurationPlatforms) = postSolution
		{182CC639-4C62-4B1A-AC22-CEF31584F0A8}.Debug|Any CPU.ActiveCfg = Debug|Any CPU
		{182CC639-4C62-4B1A-AC22-CEF31584F0A8}.Debug|Any CPU.Build.0 = Debug|Any CPU
		{182CC639-4C62-4B1A-AC22-CEF31584F0A8}.Release|Any CPU.ActiveCfg = Release|Any CPU
		{182CC639-4C62-4B1A-AC22-CEF31584F0A8}.Release|Any CPU.Build.0 = Release|Any CPU
		{9D347936-FE4C-4C4F-ABD8-B7F26FD2C541}.Debug|Any CPU.ActiveCfg = Debug|Any CPU
		{9D347936-FE4C-4C4F-ABD8-B7F26FD2C541}.Debug|Any CPU.Build.0 = Debug|Any CPU
		{9D347936-FE4C-4C4F-ABD8-B7F26FD2C541}.Release|Any CPU.ActiveCfg = Release|Any CPU
		{9D347936-FE4C-4C4F-ABD8-B7F26FD2C541}.Release|Any CPU.Build.0 = Release|Any CPU
		{AE67F5C2-1A8B-474F-9C88-A3674EE84718}.Debug|Any CPU.ActiveCfg = Debug|Any CPU
		{AE67F5C2-1A8B-474F-9C88-A3674EE84718}.Debug|Any CPU.Build.0 = Debug|Any CPU
		{AE67F5C2-1A8B-474F-9C88-A3674EE84718}.Release|Any CPU.ActiveCfg = Release|Any CPU
		{AE67F5C2-1A8B-474F-9C88-A3674EE84718}.Release|Any CPU.Build.0 = Release|Any CPU
		{186F0C0F-4E6A-41C2-AF86-322EC8A25D9D}.Debug|Any CPU.ActiveCfg = Debug|Any CPU
		{186F0C0F-4E6A-41C2-AF86-322EC8A25D9D}.Debug|Any CPU.Build.0 = Debug|Any CPU
		{186F0C0F-4E6A-41C2-AF86-322EC8A25D9D}.Release|Any CPU.ActiveCfg = Release|Any CPU
		{186F0C0F-4E6A-41C2-AF86-322EC8A25D9D}.Release|Any CPU.Build.0 = Release|Any CPU
	EndGlobalSection
	GlobalSection(SolutionProperties) = preSolution
		HideSolutionNode = FALSE
	EndGlobalSection
	GlobalSection(ExtensibilityGlobals) = postSolution
		SolutionGuid = {597748BB-1CF7-465F-80F6-BDD74744D7FE}
	EndGlobalSection
EndGlobal
