
Microsoft Visual Studio Solution File, Format Version 12.00
# Visual Studio 15
VisualStudioVersion = 15.0.28307.1738
MinimumVisualStudioVersion = 10.0.40219.1
Project("{CC5FD16D-436D-48AD-A40C-5A424C6E3E79}") = "SwitchService", "SwitchService\SwitchService.ccproj", "{F58071E2-6B18-4CB2-BFC9-9A41E06B88D3}"
EndProject
Project("{FAE04EC0-301F-11D3-BF4B-00C04F79EFBC}") = "SwitchService_WebRole", "SwitchService_WebRole\SwitchService_WebRole.csproj", "{2F26FA16-2835-498A-881C-56CC066DC91A}"
EndProject
Project("{FAE04EC0-301F-11D3-BF4B-00C04F79EFBC}") = "SwitchService_WorkerRole", "SwitchService_WorkerRole\SwitchService_WorkerRole.csproj", "{F063BC50-CA3B-426C-8DDC-F2DA43E03487}"
EndProject
Project("{FAE04EC0-301F-11D3-BF4B-00C04F79EFBC}") = "SwitchService_Data", "SwitchService_Data\SwitchService_Data.csproj", "{80C41E9A-303A-4283-BC06-2664A2432A3B}"
EndProject
Project("{FAE04EC0-301F-11D3-BF4B-00C04F79EFBC}") = "Common", "Common\Common.csproj", "{828C1C6D-DC7D-4A69-AEAA-D3FC7577DD33}"
EndProject
Global
	GlobalSection(SolutionConfigurationPlatforms) = preSolution
		Debug|Any CPU = Debug|Any CPU
		Release|Any CPU = Release|Any CPU
	EndGlobalSection
	GlobalSection(ProjectConfigurationPlatforms) = postSolution
		{F58071E2-6B18-4CB2-BFC9-9A41E06B88D3}.Debug|Any CPU.ActiveCfg = Debug|Any CPU
		{F58071E2-6B18-4CB2-BFC9-9A41E06B88D3}.Debug|Any CPU.Build.0 = Debug|Any CPU
		{F58071E2-6B18-4CB2-BFC9-9A41E06B88D3}.Release|Any CPU.ActiveCfg = Release|Any CPU
		{F58071E2-6B18-4CB2-BFC9-9A41E06B88D3}.Release|Any CPU.Build.0 = Release|Any CPU
		{2F26FA16-2835-498A-881C-56CC066DC91A}.Debug|Any CPU.ActiveCfg = Debug|Any CPU
		{2F26FA16-2835-498A-881C-56CC066DC91A}.Debug|Any CPU.Build.0 = Debug|Any CPU
		{2F26FA16-2835-498A-881C-56CC066DC91A}.Release|Any CPU.ActiveCfg = Release|Any CPU
		{2F26FA16-2835-498A-881C-56CC066DC91A}.Release|Any CPU.Build.0 = Release|Any CPU
		{F063BC50-CA3B-426C-8DDC-F2DA43E03487}.Debug|Any CPU.ActiveCfg = Debug|Any CPU
		{F063BC50-CA3B-426C-8DDC-F2DA43E03487}.Debug|Any CPU.Build.0 = Debug|Any CPU
		{F063BC50-CA3B-426C-8DDC-F2DA43E03487}.Release|Any CPU.ActiveCfg = Release|Any CPU
		{F063BC50-CA3B-426C-8DDC-F2DA43E03487}.Release|Any CPU.Build.0 = Release|Any CPU
		{80C41E9A-303A-4283-BC06-2664A2432A3B}.Debug|Any CPU.ActiveCfg = Debug|Any CPU
		{80C41E9A-303A-4283-BC06-2664A2432A3B}.Debug|Any CPU.Build.0 = Debug|Any CPU
		{80C41E9A-303A-4283-BC06-2664A2432A3B}.Release|Any CPU.ActiveCfg = Release|Any CPU
		{80C41E9A-303A-4283-BC06-2664A2432A3B}.Release|Any CPU.Build.0 = Release|Any CPU
		{828C1C6D-DC7D-4A69-AEAA-D3FC7577DD33}.Debug|Any CPU.ActiveCfg = Debug|Any CPU
		{828C1C6D-DC7D-4A69-AEAA-D3FC7577DD33}.Debug|Any CPU.Build.0 = Debug|Any CPU
		{828C1C6D-DC7D-4A69-AEAA-D3FC7577DD33}.Release|Any CPU.ActiveCfg = Release|Any CPU
		{828C1C6D-DC7D-4A69-AEAA-D3FC7577DD33}.Release|Any CPU.Build.0 = Release|Any CPU
	EndGlobalSection
	GlobalSection(SolutionProperties) = preSolution
		HideSolutionNode = FALSE
	EndGlobalSection
	GlobalSection(ExtensibilityGlobals) = postSolution
		SolutionGuid = {1B7CFD9B-373B-4648-A3DA-9615BE3E38CE}
	EndGlobalSection
EndGlobal
